
Microsoft Visual Studio Solution File, Format Version 12.00
# Visual Studio Version 16
VisualStudioVersion = 16.0.30104.148
MinimumVisualStudioVersion = 10.0.40219.1
Project("{FAE04EC0-301F-11D3-BF4B-00C04F79EFBC}") = "OGC.Form450.API", "OGC.Form450.API\OGC.Form450.API.csproj", "{64695A13-A05C-4593-BC49-02C2E2B24492}"
EndProject
Project("{FAE04EC0-301F-11D3-BF4B-00C04F79EFBC}") = "OMB.SharePoint.Infrastructure", "OMB.SharePoint.Infrastructure\OMB.SharePoint.Infrastructure.csproj", "{9541C049-5884-486B-85C2-3E8672CA1E7E}"
EndProject
Project("{FAE04EC0-301F-11D3-BF4B-00C04F79EFBC}") = "OGC.Data.SharePoint", "OGC.Data.SharePoint\OGC.Data.SharePoint.csproj", "{96B08114-90C8-4606-9EA7-B85BEB2F186C}"
EndProject
Project("{FAE04EC0-301F-11D3-BF4B-00C04F79EFBC}") = "OGC.Event.API", "OGC.Event.API\OGC.Event.API.csproj", "{5DC9C0A9-6570-43BD-83ED-9ECBFDC703D6}"
EndProject
Project("{FAE04EC0-301F-11D3-BF4B-00C04F79EFBC}") = "OGC.Training.API", "OGC.Training.API\OGC.Training.API.csproj", "{44847F82-396E-452A-A348-5BA71DEBEB19}"
EndProject
Global
	GlobalSection(SolutionConfigurationPlatforms) = preSolution
		Debug|Any CPU = Debug|Any CPU
		Dev|Any CPU = Dev|Any CPU
		Prod|Any CPU = Prod|Any CPU
		Release|Any CPU = Release|Any CPU
		Stage|Any CPU = Stage|Any CPU
		Test|Any CPU = Test|Any CPU
	EndGlobalSection
	GlobalSection(ProjectConfigurationPlatforms) = postSolution
		{64695A13-A05C-4593-BC49-02C2E2B24492}.Debug|Any CPU.ActiveCfg = Debug|Any CPU
		{64695A13-A05C-4593-BC49-02C2E2B24492}.Debug|Any CPU.Build.0 = Debug|Any CPU
		{64695A13-A05C-4593-BC49-02C2E2B24492}.Dev|Any CPU.ActiveCfg = Debug|Any CPU
		{64695A13-A05C-4593-BC49-02C2E2B24492}.Dev|Any CPU.Build.0 = Debug|Any CPU
		{64695A13-A05C-4593-BC49-02C2E2B24492}.Prod|Any CPU.ActiveCfg = Prod|Any CPU
		{64695A13-A05C-4593-BC49-02C2E2B24492}.Prod|Any CPU.Build.0 = Prod|Any CPU
		{64695A13-A05C-4593-BC49-02C2E2B24492}.Release|Any CPU.ActiveCfg = Test|Any CPU
		{64695A13-A05C-4593-BC49-02C2E2B24492}.Release|Any CPU.Build.0 = Test|Any CPU
		{64695A13-A05C-4593-BC49-02C2E2B24492}.Stage|Any CPU.ActiveCfg = Test|Any CPU
		{64695A13-A05C-4593-BC49-02C2E2B24492}.Stage|Any CPU.Build.0 = Test|Any CPU
		{64695A13-A05C-4593-BC49-02C2E2B24492}.Test|Any CPU.ActiveCfg = Test|Any CPU
		{64695A13-A05C-4593-BC49-02C2E2B24492}.Test|Any CPU.Build.0 = Test|Any CPU
		{9541C049-5884-486B-85C2-3E8672CA1E7E}.Debug|Any CPU.ActiveCfg = Debug|Any CPU
		{9541C049-5884-486B-85C2-3E8672CA1E7E}.Debug|Any CPU.Build.0 = Debug|Any CPU
		{9541C049-5884-486B-85C2-3E8672CA1E7E}.Dev|Any CPU.ActiveCfg = Debug|Any CPU
		{9541C049-5884-486B-85C2-3E8672CA1E7E}.Dev|Any CPU.Build.0 = Debug|Any CPU
		{9541C049-5884-486B-85C2-3E8672CA1E7E}.Prod|Any CPU.ActiveCfg = Prod|Any CPU
		{9541C049-5884-486B-85C2-3E8672CA1E7E}.Prod|Any CPU.Build.0 = Prod|Any CPU
		{9541C049-5884-486B-85C2-3E8672CA1E7E}.Release|Any CPU.ActiveCfg = Test|Any CPU
		{9541C049-5884-486B-85C2-3E8672CA1E7E}.Release|Any CPU.Build.0 = Test|Any CPU
		{9541C049-5884-486B-85C2-3E8672CA1E7E}.Stage|Any CPU.ActiveCfg = Test|Any CPU
		{9541C049-5884-486B-85C2-3E8672CA1E7E}.Stage|Any CPU.Build.0 = Test|Any CPU
		{9541C049-5884-486B-85C2-3E8672CA1E7E}.Test|Any CPU.ActiveCfg = Test|Any CPU
		{9541C049-5884-486B-85C2-3E8672CA1E7E}.Test|Any CPU.Build.0 = Test|Any CPU
		{96B08114-90C8-4606-9EA7-B85BEB2F186C}.Debug|Any CPU.ActiveCfg = Debug|Any CPU
		{96B08114-90C8-4606-9EA7-B85BEB2F186C}.Debug|Any CPU.Build.0 = Debug|Any CPU
		{96B08114-90C8-4606-9EA7-B85BEB2F186C}.Dev|Any CPU.ActiveCfg = Debug|Any CPU
		{96B08114-90C8-4606-9EA7-B85BEB2F186C}.Dev|Any CPU.Build.0 = Debug|Any CPU
		{96B08114-90C8-4606-9EA7-B85BEB2F186C}.Prod|Any CPU.ActiveCfg = Prod|Any CPU
		{96B08114-90C8-4606-9EA7-B85BEB2F186C}.Prod|Any CPU.Build.0 = Prod|Any CPU
		{96B08114-90C8-4606-9EA7-B85BEB2F186C}.Release|Any CPU.ActiveCfg = Test|Any CPU
		{96B08114-90C8-4606-9EA7-B85BEB2F186C}.Release|Any CPU.Build.0 = Test|Any CPU
		{96B08114-90C8-4606-9EA7-B85BEB2F186C}.Stage|Any CPU.ActiveCfg = Test|Any CPU
		{96B08114-90C8-4606-9EA7-B85BEB2F186C}.Stage|Any CPU.Build.0 = Test|Any CPU
		{96B08114-90C8-4606-9EA7-B85BEB2F186C}.Test|Any CPU.ActiveCfg = Test|Any CPU
		{96B08114-90C8-4606-9EA7-B85BEB2F186C}.Test|Any CPU.Build.0 = Test|Any CPU
		{5DC9C0A9-6570-43BD-83ED-9ECBFDC703D6}.Debug|Any CPU.ActiveCfg = Debug|Any CPU
		{5DC9C0A9-6570-43BD-83ED-9ECBFDC703D6}.Debug|Any CPU.Build.0 = Debug|Any CPU
		{5DC9C0A9-6570-43BD-83ED-9ECBFDC703D6}.Dev|Any CPU.ActiveCfg = Debug|Any CPU
		{5DC9C0A9-6570-43BD-83ED-9ECBFDC703D6}.Dev|Any CPU.Build.0 = Debug|Any CPU
		{5DC9C0A9-6570-43BD-83ED-9ECBFDC703D6}.Prod|Any CPU.ActiveCfg = Prod|Any CPU
		{5DC9C0A9-6570-43BD-83ED-9ECBFDC703D6}.Prod|Any CPU.Build.0 = Prod|Any CPU
		{5DC9C0A9-6570-43BD-83ED-9ECBFDC703D6}.Release|Any CPU.ActiveCfg = Test|Any CPU
		{5DC9C0A9-6570-43BD-83ED-9ECBFDC703D6}.Release|Any CPU.Build.0 = Test|Any CPU
		{5DC9C0A9-6570-43BD-83ED-9ECBFDC703D6}.Stage|Any CPU.ActiveCfg = Stage|Any CPU
		{5DC9C0A9-6570-43BD-83ED-9ECBFDC703D6}.Stage|Any CPU.Build.0 = Stage|Any CPU
		{5DC9C0A9-6570-43BD-83ED-9ECBFDC703D6}.Test|Any CPU.ActiveCfg = Test|Any CPU
		{5DC9C0A9-6570-43BD-83ED-9ECBFDC703D6}.Test|Any CPU.Build.0 = Test|Any CPU
		{44847F82-396E-452A-A348-5BA71DEBEB19}.Debug|Any CPU.ActiveCfg = Debug|Any CPU
		{44847F82-396E-452A-A348-5BA71DEBEB19}.Debug|Any CPU.Build.0 = Debug|Any CPU
		{44847F82-396E-452A-A348-5BA71DEBEB19}.Dev|Any CPU.ActiveCfg = Debug|Any CPU
		{44847F82-396E-452A-A348-5BA71DEBEB19}.Dev|Any CPU.Build.0 = Debug|Any CPU
		{44847F82-396E-452A-A348-5BA71DEBEB19}.Prod|Any CPU.ActiveCfg = Prod|Any CPU
		{44847F82-396E-452A-A348-5BA71DEBEB19}.Prod|Any CPU.Build.0 = Prod|Any CPU
		{44847F82-396E-452A-A348-5BA71DEBEB19}.Release|Any CPU.ActiveCfg = Test|Any CPU
		{44847F82-396E-452A-A348-5BA71DEBEB19}.Release|Any CPU.Build.0 = Test|Any CPU
		{44847F82-396E-452A-A348-5BA71DEBEB19}.Stage|Any CPU.ActiveCfg = Test|Any CPU
		{44847F82-396E-452A-A348-5BA71DEBEB19}.Stage|Any CPU.Build.0 = Test|Any CPU
		{44847F82-396E-452A-A348-5BA71DEBEB19}.Test|Any CPU.ActiveCfg = Test|Any CPU
		{44847F82-396E-452A-A348-5BA71DEBEB19}.Test|Any CPU.Build.0 = Test|Any CPU
	EndGlobalSection
	GlobalSection(SolutionProperties) = preSolution
		HideSolutionNode = FALSE
	EndGlobalSection
	GlobalSection(ExtensibilityGlobals) = postSolution
		SolutionGuid = {99F6FE34-38E0-4E36-BF39-DFD9189AB1A3}
	EndGlobalSection
EndGlobal
