
Microsoft Visual Studio Solution File, Format Version 12.00
# Visual Studio Version 16
VisualStudioVersion = 16.0.29201.188
MinimumVisualStudioVersion = 10.0.40219.1
Project("{FAE04EC0-301F-11D3-BF4B-00C04F79EFBC}") = "OGC-OGE450-Web", "OGC-OGE450-Web\OGC-OGE450-Web.csproj", "{767986EC-685A-4109-95BF-0C0F148C33E5}"
EndProject
Project("{FAE04EC0-301F-11D3-BF4B-00C04F79EFBC}") = "OGC-Events-Web", "OGC-Events-Web\OGC-Events-Web.csproj", "{4115A7E4-1665-4628-9469-8AD2086CE0F4}"
EndProject
Project("{FAE04EC0-301F-11D3-BF4B-00C04F79EFBC}") = "OGC-Training-Web", "OGC-Training-Web\OGC-Training-Web.csproj", "{9E733952-7DE1-41C4-919F-66F390374A67}"
EndProject
Global
	GlobalSection(SolutionConfigurationPlatforms) = preSolution
		Debug|Any CPU = Debug|Any CPU
		Prod|Any CPU = Prod|Any CPU
		Release|Any CPU = Release|Any CPU
		Test|Any CPU = Test|Any CPU
	EndGlobalSection
	GlobalSection(ProjectConfigurationPlatforms) = postSolution
		{767986EC-685A-4109-95BF-0C0F148C33E5}.Debug|Any CPU.ActiveCfg = Debug|Any CPU
		{767986EC-685A-4109-95BF-0C0F148C33E5}.Debug|Any CPU.Build.0 = Debug|Any CPU
		{767986EC-685A-4109-95BF-0C0F148C33E5}.Prod|Any CPU.ActiveCfg = Prod|Any CPU
		{767986EC-685A-4109-95BF-0C0F148C33E5}.Prod|Any CPU.Build.0 = Prod|Any CPU
		{767986EC-685A-4109-95BF-0C0F148C33E5}.Release|Any CPU.ActiveCfg = Test|Any CPU
		{767986EC-685A-4109-95BF-0C0F148C33E5}.Release|Any CPU.Build.0 = Test|Any CPU
		{767986EC-685A-4109-95BF-0C0F148C33E5}.Test|Any CPU.ActiveCfg = Test|Any CPU
		{767986EC-685A-4109-95BF-0C0F148C33E5}.Test|Any CPU.Build.0 = Test|Any CPU
		{4115A7E4-1665-4628-9469-8AD2086CE0F4}.Debug|Any CPU.ActiveCfg = Debug|Any CPU
		{4115A7E4-1665-4628-9469-8AD2086CE0F4}.Debug|Any CPU.Build.0 = Debug|Any CPU
		{4115A7E4-1665-4628-9469-8AD2086CE0F4}.Prod|Any CPU.ActiveCfg = Prod|Any CPU
		{4115A7E4-1665-4628-9469-8AD2086CE0F4}.Prod|Any CPU.Build.0 = Prod|Any CPU
		{4115A7E4-1665-4628-9469-8AD2086CE0F4}.Release|Any CPU.ActiveCfg = Prod|Any CPU
		{4115A7E4-1665-4628-9469-8AD2086CE0F4}.Release|Any CPU.Build.0 = Prod|Any CPU
		{4115A7E4-1665-4628-9469-8AD2086CE0F4}.Test|Any CPU.ActiveCfg = Test|Any CPU
		{4115A7E4-1665-4628-9469-8AD2086CE0F4}.Test|Any CPU.Build.0 = Test|Any CPU
		{9E733952-7DE1-41C4-919F-66F390374A67}.Debug|Any CPU.ActiveCfg = Debug|Any CPU
		{9E733952-7DE1-41C4-919F-66F390374A67}.Debug|Any CPU.Build.0 = Debug|Any CPU
		{9E733952-7DE1-41C4-919F-66F390374A67}.Prod|Any CPU.ActiveCfg = Prod|Any CPU
		{9E733952-7DE1-41C4-919F-66F390374A67}.Prod|Any CPU.Build.0 = Prod|Any CPU
		{9E733952-7DE1-41C4-919F-66F390374A67}.Release|Any CPU.ActiveCfg = Debug|Any CPU
		{9E733952-7DE1-41C4-919F-66F390374A67}.Release|Any CPU.Build.0 = Debug|Any CPU
		{9E733952-7DE1-41C4-919F-66F390374A67}.Test|Any CPU.ActiveCfg = Test|Any CPU
		{9E733952-7DE1-41C4-919F-66F390374A67}.Test|Any CPU.Build.0 = Test|Any CPU
	EndGlobalSection
	GlobalSection(SolutionProperties) = preSolution
		HideSolutionNode = FALSE
	EndGlobalSection
	GlobalSection(ExtensibilityGlobals) = postSolution
		SolutionGuid = {4FCEB27E-861B-424C-9B4F-BA494D696E0E}
	EndGlobalSection
EndGlobal
